
Microsoft Visual Studio Solution File, Format Version 12.00
# Visual Studio Version 17
VisualStudioVersion = 17.5.33516.290
MinimumVisualStudioVersion = 10.0.40219.1
Project("{9A19103F-16F7-4668-BE54-9A1E7A4F7556}") = "OpenAISharp", "OpenAISharp\OpenAISharp.csproj", "{11A77837-3A27-47A7-A63A-E1747686992F}"
EndProject
Project("{9A19103F-16F7-4668-BE54-9A1E7A4F7556}") = "TestConsoleApp", "TestConsoleApp\TestConsoleApp.csproj", "{C3EBAE6F-E73E-4BCF-A660-7CA5B88256D4}"
EndProject
Global
	GlobalSection(SolutionConfigurationPlatforms) = preSolution
		Debug|Any CPU = Debug|Any CPU
		Release|Any CPU = Release|Any CPU
	EndGlobalSection
	GlobalSection(ProjectConfigurationPlatforms) = postSolution
		{11A77837-3A27-47A7-A63A-E1747686992F}.Debug|Any CPU.ActiveCfg = Debug|Any CPU
		{11A77837-3A27-47A7-A63A-E1747686992F}.Debug|Any CPU.Build.0 = Debug|Any CPU
		{11A77837-3A27-47A7-A63A-E1747686992F}.Release|Any CPU.ActiveCfg = Release|Any CPU
		{11A77837-3A27-47A7-A63A-E1747686992F}.Release|Any CPU.Build.0 = Release|Any CPU
		{C3EBAE6F-E73E-4BCF-A660-7CA5B88256D4}.Debug|Any CPU.ActiveCfg = Debug|Any CPU
		{C3EBAE6F-E73E-4BCF-A660-7CA5B88256D4}.Debug|Any CPU.Build.0 = Debug|Any CPU
		{C3EBAE6F-E73E-4BCF-A660-7CA5B88256D4}.Release|Any CPU.ActiveCfg = Release|Any CPU
		{C3EBAE6F-E73E-4BCF-A660-7CA5B88256D4}.Release|Any CPU.Build.0 = Release|Any CPU
	EndGlobalSection
	GlobalSection(SolutionProperties) = preSolution
		HideSolutionNode = FALSE
	EndGlobalSection
	GlobalSection(ExtensibilityGlobals) = postSolution
		SolutionGuid = {89429EE3-DFE9-4250-905C-39DB120BD322}
	EndGlobalSection
EndGlobal
